
Microsoft Visual Studio Solution File, Format Version 12.00
# Visual Studio Version 17
VisualStudioVersion = 17.7.34202.233
MinimumVisualStudioVersion = 10.0.40219.1
Project("{FAE04EC0-301F-11D3-BF4B-00C04F79EFBC}") = "ID123", "ID123\ID123.csproj", "{3D6D5AAF-6312-4270-9959-2E872CEB96C7}"
EndProject
Global
	GlobalSection(SolutionConfigurationPlatforms) = preSolution
		Debug|Any CPU = Debug|Any CPU
		Release|Any CPU = Release|Any CPU
	EndGlobalSection
	GlobalSection(ProjectConfigurationPlatforms) = postSolution
		{3D6D5AAF-6312-4270-9959-2E872CEB96C7}.Debug|Any CPU.ActiveCfg = Debug|Any CPU
		{3D6D5AAF-6312-4270-9959-2E872CEB96C7}.Debug|Any CPU.Build.0 = Debug|Any CPU
		{3D6D5AAF-6312-4270-9959-2E872CEB96C7}.Release|Any CPU.ActiveCfg = Release|Any CPU
		{3D6D5AAF-6312-4270-9959-2E872CEB96C7}.Release|Any CPU.Build.0 = Release|Any CPU
	EndGlobalSection
	GlobalSection(SolutionProperties) = preSolution
		HideSolutionNode = FALSE
	EndGlobalSection
	GlobalSection(ExtensibilityGlobals) = postSolution
		SolutionGuid = {277DB1C3-04E7-4DB2-B98C-2C26AFC98F9D}
	EndGlobalSection
EndGlobal
